
Microsoft Visual Studio Solution File, Format Version 12.00
# Visual Studio Version 17
VisualStudioVersion = 17.0.31903.59
MinimumVisualStudioVersion = 10.0.40219.1
Project("{FAE04EC0-301F-11D3-BF4B-00C04F79EFBC}") = "SecureAPI.API", "SecureAPI.API\SecureAPI.API.csproj", "{89579F80-C9AC-4AC8-BBEA-DC27851237DA}"
EndProject
Project("{FAE04EC0-301F-11D3-BF4B-00C04F79EFBC}") = "SecureAPI.Domain", "SecureAPI.Domain\SecureAPI.Domain.csproj", "{ADC6B4E5-90A9-4C74-903F-4B7353017746}"
EndProject
Project("{FAE04EC0-301F-11D3-BF4B-00C04F79EFBC}") = "SecureAPI.Infrastructure", "SecureAPI.Infrastructure\SecureAPI.Infrastructure.csproj", "{896B66B1-2409-4F90-BBF4-B36B254F763C}"
EndProject
Global
	GlobalSection(SolutionConfigurationPlatforms) = preSolution
		Debug|Any CPU = Debug|Any CPU
		Release|Any CPU = Release|Any CPU
	EndGlobalSection
	GlobalSection(SolutionProperties) = preSolution
		HideSolutionNode = FALSE
	EndGlobalSection
	GlobalSection(ProjectConfigurationPlatforms) = postSolution
		{89579F80-C9AC-4AC8-BBEA-DC27851237DA}.Debug|Any CPU.ActiveCfg = Debug|Any CPU
		{89579F80-C9AC-4AC8-BBEA-DC27851237DA}.Debug|Any CPU.Build.0 = Debug|Any CPU
		{89579F80-C9AC-4AC8-BBEA-DC27851237DA}.Release|Any CPU.ActiveCfg = Release|Any CPU
		{89579F80-C9AC-4AC8-BBEA-DC27851237DA}.Release|Any CPU.Build.0 = Release|Any CPU
		{ADC6B4E5-90A9-4C74-903F-4B7353017746}.Debug|Any CPU.ActiveCfg = Debug|Any CPU
		{ADC6B4E5-90A9-4C74-903F-4B7353017746}.Debug|Any CPU.Build.0 = Debug|Any CPU
		{ADC6B4E5-90A9-4C74-903F-4B7353017746}.Release|Any CPU.ActiveCfg = Release|Any CPU
		{ADC6B4E5-90A9-4C74-903F-4B7353017746}.Release|Any CPU.Build.0 = Release|Any CPU
		{896B66B1-2409-4F90-BBF4-B36B254F763C}.Debug|Any CPU.ActiveCfg = Debug|Any CPU
		{896B66B1-2409-4F90-BBF4-B36B254F763C}.Debug|Any CPU.Build.0 = Debug|Any CPU
		{896B66B1-2409-4F90-BBF4-B36B254F763C}.Release|Any CPU.ActiveCfg = Release|Any CPU
		{896B66B1-2409-4F90-BBF4-B36B254F763C}.Release|Any CPU.Build.0 = Release|Any CPU
	EndGlobalSection
EndGlobal
